
Microsoft Visual Studio Solution File, Format Version 12.00
# Visual Studio 15
VisualStudioVersion = 15.0.27703.2047
MinimumVisualStudioVersion = 10.0.40219.1
Project("{FAE04EC0-301F-11D3-BF4B-00C04F79EFBC}") = "eStore", "eStore\eStore.csproj", "{724D14C8-74F6-401A-96F5-E48AD010273F}"
EndProject
Project("{FAE04EC0-301F-11D3-BF4B-00C04F79EFBC}") = "BusinessLogic", "BusinessLogic\BusinessLogic.csproj", "{C39A8355-CDDD-410D-9C17-4A4BE47B2BE3}"
EndProject
Project("{FAE04EC0-301F-11D3-BF4B-00C04F79EFBC}") = "DataAccess", "DataAccess\DataAccess.csproj", "{6DEEEF43-69FA-4E54-BED9-BAE3FF02EFF8}"
EndProject
Global
	GlobalSection(SolutionConfigurationPlatforms) = preSolution
		Debug|Any CPU = Debug|Any CPU
		Release|Any CPU = Release|Any CPU
	EndGlobalSection
	GlobalSection(ProjectConfigurationPlatforms) = postSolution
		{724D14C8-74F6-401A-96F5-E48AD010273F}.Debug|Any CPU.ActiveCfg = Debug|Any CPU
		{724D14C8-74F6-401A-96F5-E48AD010273F}.Debug|Any CPU.Build.0 = Debug|Any CPU
		{724D14C8-74F6-401A-96F5-E48AD010273F}.Release|Any CPU.ActiveCfg = Release|Any CPU
		{724D14C8-74F6-401A-96F5-E48AD010273F}.Release|Any CPU.Build.0 = Release|Any CPU
		{C39A8355-CDDD-410D-9C17-4A4BE47B2BE3}.Debug|Any CPU.ActiveCfg = Debug|Any CPU
		{C39A8355-CDDD-410D-9C17-4A4BE47B2BE3}.Debug|Any CPU.Build.0 = Debug|Any CPU
		{C39A8355-CDDD-410D-9C17-4A4BE47B2BE3}.Release|Any CPU.ActiveCfg = Release|Any CPU
		{C39A8355-CDDD-410D-9C17-4A4BE47B2BE3}.Release|Any CPU.Build.0 = Release|Any CPU
		{6DEEEF43-69FA-4E54-BED9-BAE3FF02EFF8}.Debug|Any CPU.ActiveCfg = Debug|Any CPU
		{6DEEEF43-69FA-4E54-BED9-BAE3FF02EFF8}.Debug|Any CPU.Build.0 = Debug|Any CPU
		{6DEEEF43-69FA-4E54-BED9-BAE3FF02EFF8}.Release|Any CPU.ActiveCfg = Release|Any CPU
		{6DEEEF43-69FA-4E54-BED9-BAE3FF02EFF8}.Release|Any CPU.Build.0 = Release|Any CPU
	EndGlobalSection
	GlobalSection(SolutionProperties) = preSolution
		HideSolutionNode = FALSE
	EndGlobalSection
	GlobalSection(ExtensibilityGlobals) = postSolution
		SolutionGuid = {B54B0D33-8C41-4D68-887D-FCD9FBE9C06C}
	EndGlobalSection
EndGlobal
